
Microsoft Visual Studio Solution File, Format Version 12.00
# Visual Studio Version 17
VisualStudioVersion = 17.0.31903.59
MinimumVisualStudioVersion = 10.0.40219.1
Project("{FAE04EC0-301F-11D3-BF4B-00C04F79EFBC}") = "Nemonuri.Maths.Common", "Nemonuri.Maths.Common\Nemonuri.Maths.Common.csproj", "{37A8A4A3-8E44-49FD-A23D-747022364AA5}"
EndProject
Project("{FAE04EC0-301F-11D3-BF4B-00C04F79EFBC}") = "Nemonuri.Maths.Permutations", "Nemonuri.Maths.Permutations\Nemonuri.Maths.Permutations.csproj", "{77FFCC06-22E2-4DC4-9F8E-FDC88B998433}"
EndProject
Global
	GlobalSection(SolutionConfigurationPlatforms) = preSolution
		Debug|Any CPU = Debug|Any CPU
		Release|Any CPU = Release|Any CPU
	EndGlobalSection
	GlobalSection(ProjectConfigurationPlatforms) = postSolution
		{37A8A4A3-8E44-49FD-A23D-747022364AA5}.Debug|Any CPU.ActiveCfg = Debug|Any CPU
		{37A8A4A3-8E44-49FD-A23D-747022364AA5}.Debug|Any CPU.Build.0 = Debug|Any CPU
		{37A8A4A3-8E44-49FD-A23D-747022364AA5}.Release|Any CPU.ActiveCfg = Release|Any CPU
		{37A8A4A3-8E44-49FD-A23D-747022364AA5}.Release|Any CPU.Build.0 = Release|Any CPU
		{77FFCC06-22E2-4DC4-9F8E-FDC88B998433}.Debug|Any CPU.ActiveCfg = Debug|Any CPU
		{77FFCC06-22E2-4DC4-9F8E-FDC88B998433}.Debug|Any CPU.Build.0 = Debug|Any CPU
		{77FFCC06-22E2-4DC4-9F8E-FDC88B998433}.Release|Any CPU.ActiveCfg = Release|Any CPU
		{77FFCC06-22E2-4DC4-9F8E-FDC88B998433}.Release|Any CPU.Build.0 = Release|Any CPU
	EndGlobalSection
	GlobalSection(SolutionProperties) = preSolution
		HideSolutionNode = FALSE
	EndGlobalSection
EndGlobal
